
Microsoft Visual Studio Solution File, Format Version 12.00
# Visual Studio 14
VisualStudioVersion = 14.0.25420.1
MinimumVisualStudioVersion = 10.0.40219.1
Project("{2150E333-8FDC-42A3-9474-1A3956D46DE8}") = "src", "src", "{C601B6B3-0B0D-41CF-B917-0351EACD1A2B}"
EndProject
Project("{2150E333-8FDC-42A3-9474-1A3956D46DE8}") = "Solution Items", "Solution Items", "{8D1D370F-BD5A-42AE-A422-068BCFB8460C}"
	ProjectSection(SolutionItems) = preProject
		global.json = global.json
	EndProjectSection
EndProject
Project("{8BB2217D-0F2D-49D1-97BC-3654ED321F3B}") = "WebApplication1", "src\WebApplication1\WebApplication1.xproj", "{F203A7DA-D693-4C21-8418-453DE90721CC}"
EndProject
Global
	GlobalSection(SolutionConfigurationPlatforms) = preSolution
		Debug|Any CPU = Debug|Any CPU
		Release|Any CPU = Release|Any CPU
	EndGlobalSection
	GlobalSection(ProjectConfigurationPlatforms) = postSolution
		{F203A7DA-D693-4C21-8418-453DE90721CC}.Debug|Any CPU.ActiveCfg = Debug|Any CPU
		{F203A7DA-D693-4C21-8418-453DE90721CC}.Debug|Any CPU.Build.0 = Debug|Any CPU
		{F203A7DA-D693-4C21-8418-453DE90721CC}.Release|Any CPU.ActiveCfg = Release|Any CPU
		{F203A7DA-D693-4C21-8418-453DE90721CC}.Release|Any CPU.Build.0 = Release|Any CPU
	EndGlobalSection
	GlobalSection(SolutionProperties) = preSolution
		HideSolutionNode = FALSE
	EndGlobalSection
	GlobalSection(NestedProjects) = preSolution
		{F203A7DA-D693-4C21-8418-453DE90721CC} = {C601B6B3-0B0D-41CF-B917-0351EACD1A2B}
	EndGlobalSection
EndGlobal
